// !$*UTF8*$!
{
	archiveVersion = 1;
	classes = {
	};
	objectVersion = 55;
	objects = {

/* Begin PBXBuildFile section */
		92BC80B726D6BD2F00AF432C /* swiftui_mvvmApp.swift in Sources */ = {isa = PBXBuildFile; fileRef = 92BC80B626D6BD2F00AF432C /* swiftui_mvvmApp.swift */; };
		92BC80B926D6BD2F00AF432C /* ContentView.swift in Sources */ = {isa = PBXBuildFile; fileRef = 92BC80B826D6BD2F00AF432C /* ContentView.swift */; };
		92BC80BB26D6BD3400AF432C /* Assets.xcassets in Resources */ = {isa = PBXBuildFile; fileRef = 92BC80BA26D6BD3400AF432C /* Assets.xcassets */; };
		92BC80BE26D6BD3400AF432C /* Preview Assets.xcassets in Resources */ = {isa = PBXBuildFile; fileRef = 92BC80BD26D6BD3400AF432C /* Preview Assets.xcassets */; };
		92BC80C826D6BD3400AF432C /* swiftui_mvvmTests.swift in Sources */ = {isa = PBXBuildFile; fileRef = 92BC80C726D6BD3400AF432C /* swiftui_mvvmTests.swift */; };
		92BC80D226D6BD3400AF432C /* swiftui_mvvmUITests.swift in Sources */ = {isa = PBXBuildFile; fileRef = 92BC80D126D6BD3400AF432C /* swiftui_mvvmUITests.swift */; };
		92BC80D426D6BD3400AF432C /* swiftui_mvvmUITestsLaunchTests.swift in Sources */ = {isa = PBXBuildFile; fileRef = 92BC80D326D6BD3400AF432C /* swiftui_mvvmUITestsLaunchTests.swift */; };
/* End PBXBuildFile section */

/* Begin PBXContainerItemProxy section */
		92BC80C426D6BD3400AF432C /* PBXContainerItemProxy */ = {
			isa = PBXContainerItemProxy;
			containerPortal = 92BC80AB26D6BD2E00AF432C /* Project object */;
			proxyType = 1;
			remoteGlobalIDString = 92BC80B226D6BD2E00AF432C;
			remoteInfo = "swiftui-mvvm";
		};
		92BC80CE26D6BD3400AF432C /* PBXContainerItemProxy */ = {
			isa = PBXContainerItemProxy;
			containerPortal = 92BC80AB26D6BD2E00AF432C /* Project object */;
			proxyType = 1;
			remoteGlobalIDString = 92BC80B226D6BD2E00AF432C;
			remoteInfo = "swiftui-mvvm";
		};
/* End PBXContainerItemProxy section */

/* Begin PBXFileReference section */
		92BC80B326D6BD2E00AF432C /* swiftui-mvvm.app */ = {isa = PBXFileReference; explicitFileType = wrapper.application; includeInIndex = 0; path = "swiftui-mvvm.app"; sourceTree = BUILT_PRODUCTS_DIR; };
		92BC80B626D6BD2F00AF432C /* swiftui_mvvmApp.swift */ = {isa = PBXFileReference; lastKnownFileType = sourcecode.swift; path = swiftui_mvvmApp.swift; sourceTree = "<group>"; };
		92BC80B826D6BD2F00AF432C /* ContentView.swift */ = {isa = PBXFileReference; lastKnownFileType = sourcecode.swift; path = ContentView.swift; sourceTree = "<group>"; };
		92BC80BA26D6BD3400AF432C /* Assets.xcassets */ = {isa = PBXFileReference; lastKnownFileType = folder.assetcatalog; path = Assets.xcassets; sourceTree = "<group>"; };
		92BC80BD26D6BD3400AF432C /* Preview Assets.xcassets */ = {isa = PBXFileReference; lastKnownFileType = folder.assetcatalog; path = "Preview Assets.xcassets"; sourceTree = "<group>"; };
		92BC80C326D6BD3400AF432C /* swiftui-mvvmTests.xctest */ = {isa = PBXFileReference; explicitFileType = wrapper.cfbundle; includeInIndex = 0; path = "swiftui-mvvmTests.xctest"; sourceTree = BUILT_PRODUCTS_DIR; };
		92BC80C726D6BD3400AF432C /* swiftui_mvvmTests.swift */ = {isa = PBXFileReference; lastKnownFileType = sourcecode.swift; path = swiftui_mvvmTests.swift; sourceTree = "<group>"; };
		92BC80CD26D6BD3400AF432C /* swiftui-mvvmUITests.xctest */ = {isa = PBXFileReference; explicitFileType = wrapper.cfbundle; includeInIndex = 0; path = "swiftui-mvvmUITests.xctest"; sourceTree = BUILT_PRODUCTS_DIR; };
		92BC80D126D6BD3400AF432C /* swiftui_mvvmUITests.swift */ = {isa = PBXFileReference; lastKnownFileType = sourcecode.swift; path = swiftui_mvvmUITests.swift; sourceTree = "<group>"; };
		92BC80D326D6BD3400AF432C /* swiftui_mvvmUITestsLaunchTests.swift */ = {isa = PBXFileReference; lastKnownFileType = sourcecode.swift; path = swiftui_mvvmUITestsLaunchTests.swift; sourceTree = "<group>"; };
/* End PBXFileReference section */

/* Begin PBXFrameworksBuildPhase section */
		92BC80B026D6BD2E00AF432C /* Frameworks */ = {
			isa = PBXFrameworksBuildPhase;
			buildActionMask = 2147483647;
			files = (
			);
			runOnlyForDeploymentPostprocessing = 0;
		};
		92BC80C026D6BD3400AF432C /* Frameworks */ = {
			isa = PBXFrameworksBuildPhase;
			buildActionMask = 2147483647;
			files = (
			);
			runOnlyForDeploymentPostprocessing = 0;
		};
		92BC80CA26D6BD3400AF432C /* Frameworks */ = {
			isa = PBXFrameworksBuildPhase;
			buildActionMask = 2147483647;
			files = (
			);
			runOnlyForDeploymentPostprocessing = 0;
		};
/* End PBXFrameworksBuildPhase section */

/* Begin PBXGroup section */
		92BC80AA26D6BD2E00AF432C = {
			isa = PBXGroup;
			children = (
				92BC80B526D6BD2E00AF432C /* swiftui-mvvm */,
				92BC80C626D6BD3400AF432C /* swiftui-mvvmTests */,
				92BC80D026D6BD3400AF432C /* swiftui-mvvmUITests */,
				92BC80B426D6BD2E00AF432C /* Products */,
			);
			sourceTree = "<group>";
		};
		92BC80B426D6BD2E00AF432C /* Products */ = {
			isa = PBXGroup;
			children = (
				92BC80B326D6BD2E00AF432C /* swiftui-mvvm.app */,
				92BC80C326D6BD3400AF432C /* swiftui-mvvmTests.xctest */,
				92BC80CD26D6BD3400AF432C /* swiftui-mvvmUITests.xctest */,
			);
			name = Products;
			sourceTree = "<group>";
		};
		92BC80B526D6BD2E00AF432C /* swiftui-mvvm */ = {
			isa = PBXGroup;
			children = (
				92BC80B626D6BD2F00AF432C /* swiftui_mvvmApp.swift */,
				92BC80B826D6BD2F00AF432C /* ContentView.swift */,
				92BC80BA26D6BD3400AF432C /* Assets.xcassets */,
				92BC80BC26D6BD3400AF432C /* Preview Content */,
			);
			path = "swiftui-mvvm";
			sourceTree = "<group>";
		};
		92BC80BC26D6BD3400AF432C /* Preview Content */ = {
			isa = PBXGroup;
			children = (
				92BC80BD26D6BD3400AF432C /* Preview Assets.xcassets */,
			);
			path = "Preview Content";
			sourceTree = "<group>";
		};
		92BC80C626D6BD3400AF432C /* swiftui-mvvmTests */ = {
			isa = PBXGroup;
			children = (
				92BC80C726D6BD3400AF432C /* swiftui_mvvmTests.swift */,
			);
			path = "swiftui-mvvmTests";
			sourceTree = "<group>";
		};
		92BC80D026D6BD3400AF432C /* swiftui-mvvmUITests */ = {
			isa = PBXGroup;
			children = (
				92BC80D126D6BD3400AF432C /* swiftui_mvvmUITests.swift */,
				92BC80D326D6BD3400AF432C /* swiftui_mvvmUITestsLaunchTests.swift */,
			);
			path = "swiftui-mvvmUITests";
			sourceTree = "<group>";
		};
/* End PBXGroup section */

/* Begin PBXNativeTarget section */
		92BC80B226D6BD2E00AF432C /* swiftui-mvvm */ = {
			isa = PBXNativeTarget;
			buildConfigurationList = 92BC80D726D6BD3400AF432C /* Build configuration list for PBXNativeTarget "swiftui-mvvm" */;
			buildPhases = (
				92BC80AF26D6BD2E00AF432C /* Sources */,
				92BC80B026D6BD2E00AF432C /* Frameworks */,
				92BC80B126D6BD2E00AF432C /* Resources */,
			);
			buildRules = (
			);
			dependencies = (
			);
			name = "swiftui-mvvm";
			productName = "swiftui-mvvm";
			productReference = 92BC80B326D6BD2E00AF432C /* swiftui-mvvm.app */;
			productType = "com.apple.product-type.application";
		};
		92BC80C226D6BD3400AF432C /* swiftui-mvvmTests */ = {
			isa = PBXNativeTarget;
			buildConfigurationList = 92BC80DA26D6BD3400AF432C /* Build configuration list for PBXNativeTarget "swiftui-mvvmTests" */;
			buildPhases = (
				92BC80BF26D6BD3400AF432C /* Sources */,
				92BC80C026D6BD3400AF432C /* Frameworks */,
				92BC80C126D6BD3400AF432C /* Resources */,
			);
			buildRules = (
			);
			dependencies = (
				92BC80C526D6BD3400AF432C /* PBXTargetDependency */,
			);
			name = "swiftui-mvvmTests";
			productName = "swiftui-mvvmTests";
			productReference = 92BC80C326D6BD3400AF432C /* swiftui-mvvmTests.xctest */;
			productType = "com.apple.product-type.bundle.unit-test";
		};
		92BC80CC26D6BD3400AF432C /* swiftui-mvvmUITests */ = {
			isa = PBXNativeTarget;
			buildConfigurationList = 92BC80DD26D6BD3400AF432C /* Build configuration list for PBXNativeTarget "swiftui-mvvmUITests" */;
			buildPhases = (
				92BC80C926D6BD3400AF432C /* Sources */,
				92BC80CA26D6BD3400AF432C /* Frameworks */,
				92BC80CB26D6BD3400AF432C /* Resources */,
			);
			buildRules = (
			);
			dependencies = (
				92BC80CF26D6BD3400AF432C /* PBXTargetDependency */,
			);
			name = "swiftui-mvvmUITests";
			productName = "swiftui-mvvmUITests";
			productReference = 92BC80CD26D6BD3400AF432C /* swiftui-mvvmUITests.xctest */;
			productType = "com.apple.product-type.bundle.ui-testing";
		};
/* End PBXNativeTarget section */

/* Begin PBXProject section */
		92BC80AB26D6BD2E00AF432C /* Project object */ = {
			isa = PBXProject;
			attributes = {
				BuildIndependentTargetsInParallel = 1;
				LastSwiftUpdateCheck = 1300;
				LastUpgradeCheck = 1300;
				TargetAttributes = {
					92BC80B226D6BD2E00AF432C = {
						CreatedOnToolsVersion = 13.0;
					};
					92BC80C226D6BD3400AF432C = {
						CreatedOnToolsVersion = 13.0;
						TestTargetID = 92BC80B226D6BD2E00AF432C;
					};
					92BC80CC26D6BD3400AF432C = {
						CreatedOnToolsVersion = 13.0;
						TestTargetID = 92BC80B226D6BD2E00AF432C;
					};
				};
			};
			buildConfigurationList = 92BC80AE26D6BD2E00AF432C /* Build configuration list for PBXProject "swiftui-mvvm" */;
			compatibilityVersion = "Xcode 13.0";
			developmentRegion = en;
			hasScannedForEncodings = 0;
			knownRegions = (
				en,
				Base,
			);
			mainGroup = 92BC80AA26D6BD2E00AF432C;
			productRefGroup = 92BC80B426D6BD2E00AF432C /* Products */;
			projectDirPath = "";
			projectRoot = "";
			targets = (
				92BC80B226D6BD2E00AF432C /* swiftui-mvvm */,
				92BC80C226D6BD3400AF432C /* swiftui-mvvmTests */,
				92BC80CC26D6BD3400AF432C /* swiftui-mvvmUITests */,
			);
		};
/* End PBXProject section */

/* Begin PBXResourcesBuildPhase section */
		92BC80B126D6BD2E00AF432C /* Resources */ = {
			isa = PBXResourcesBuildPhase;
			buildActionMask = 2147483647;
			files = (
				92BC80BE26D6BD3400AF432C /* Preview Assets.xcassets in Resources */,
				92BC80BB26D6BD3400AF432C /* Assets.xcassets in Resources */,
			);
			runOnlyForDeploymentPostprocessing = 0;
		};
		92BC80C126D6BD3400AF432C /* Resources */ = {
			isa = PBXResourcesBuildPhase;
			buildActionMask = 2147483647;
			files = (
			);
			runOnlyForDeploymentPostprocessing = 0;
		};
		92BC80CB26D6BD3400AF432C /* Resources */ = {
			isa = PBXResourcesBuildPhase;
			buildActionMask = 2147483647;
			files = (
			);
			runOnlyForDeploymentPostprocessing = 0;
		};
/* End PBXResourcesBuildPhase section */

/* Begin PBXSourcesBuildPhase section */
		92BC80AF26D6BD2E00AF432C /* Sources */ = {
			isa = PBXSourcesBuildPhase;
			buildActionMask = 2147483647;
			files = (
				92BC80B926D6BD2F00AF432C /* ContentView.swift in Sources */,
				92BC80B726D6BD2F00AF432C /* swiftui_mvvmApp.swift in Sources */,
			);
			runOnlyForDeploymentPostprocessing = 0;
		};
		92BC80BF26D6BD3400AF432C /* Sources */ = {
			isa = PBXSourcesBuildPhase;
			buildActionMask = 2147483647;
			files = (
				92BC80C826D6BD3400AF432C /* swiftui_mvvmTests.swift in Sources */,
			);
			runOnlyForDeploymentPostprocessing = 0;
		};
		92BC80C926D6BD3400AF432C /* Sources */ = {
			isa = PBXSourcesBuildPhase;
			buildActionMask = 2147483647;
			files = (
				92BC80D426D6BD3400AF432C /* swiftui_mvvmUITestsLaunchTests.swift in Sources */,
				92BC80D226D6BD3400AF432C /* swiftui_mvvmUITests.swift in Sources */,
			);
			runOnlyForDeploymentPostprocessing = 0;
		};
/* End PBXSourcesBuildPhase section */

/* Begin PBXTargetDependency section */
		92BC80C526D6BD3400AF432C /* PBXTargetDependency */ = {
			isa = PBXTargetDependency;
			target = 92BC80B226D6BD2E00AF432C /* swiftui-mvvm */;
			targetProxy = 92BC80C426D6BD3400AF432C /* PBXContainerItemProxy */;
		};
		92BC80CF26D6BD3400AF432C /* PBXTargetDependency */ = {
			isa = PBXTargetDependency;
			target = 92BC80B226D6BD2E00AF432C /* swiftui-mvvm */;
			targetProxy = 92BC80CE26D6BD3400AF432C /* PBXContainerItemProxy */;
		};
/* End PBXTargetDependency section */

/* Begin XCBuildConfiguration section */
		92BC80D526D6BD3400AF432C /* Debug */ = {
			isa = XCBuildConfiguration;
			buildSettings = {
				ALWAYS_SEARCH_USER_PATHS = NO;
				CLANG_ANALYZER_NONNULL = YES;
				CLANG_ANALYZER_NUMBER_OBJECT_CONVERSION = YES_AGGRESSIVE;
				CLANG_CXX_LANGUAGE_STANDARD = "gnu++17";
				CLANG_CXX_LIBRARY = "libc++";
				CLANG_ENABLE_MODULES = YES;
				CLANG_ENABLE_OBJC_ARC = YES;
				CLANG_ENABLE_OBJC_WEAK = YES;
				CLANG_WARN_BLOCK_CAPTURE_AUTORELEASING = YES;
				CLANG_WARN_BOOL_CONVERSION = YES;
				CLANG_WARN_COMMA = YES;
				CLANG_WARN_CONSTANT_CONVERSION = YES;
				CLANG_WARN_DEPRECATED_OBJC_IMPLEMENTATIONS = YES;
				CLANG_WARN_DIRECT_OBJC_ISA_USAGE = YES_ERROR;
				CLANG_WARN_DOCUMENTATION_COMMENTS = YES;
				CLANG_WARN_EMPTY_BODY = YES;
				CLANG_WARN_ENUM_CONVERSION = YES;
				CLANG_WARN_INFINITE_RECURSION = YES;
				CLANG_WARN_INT_CONVERSION = YES;
				CLANG_WARN_NON_LITERAL_NULL_CONVERSION = YES;
				CLANG_WARN_OBJC_IMPLICIT_RETAIN_SELF = YES;
				CLANG_WARN_OBJC_LITERAL_CONVERSION = YES;
				CLANG_WARN_OBJC_ROOT_CLASS = YES_ERROR;
				CLANG_WARN_QUOTED_INCLUDE_IN_FRAMEWORK_HEADER = YES;
				CLANG_WARN_RANGE_LOOP_ANALYSIS = YES;
				CLANG_WARN_STRICT_PROTOTYPES = YES;
				CLANG_WARN_SUSPICIOUS_MOVE = YES;
				CLANG_WARN_UNGUARDED_AVAILABILITY = YES_AGGRESSIVE;
				CLANG_WARN_UNREACHABLE_CODE = YES;
				CLANG_WARN__DUPLICATE_METHOD_MATCH = YES;
				COPY_PHASE_STRIP = NO;
				DEBUG_INFORMATION_FORMAT = dwarf;
				ENABLE_STRICT_OBJC_MSGSEND = YES;
				ENABLE_TESTABILITY = YES;
				GCC_C_LANGUAGE_STANDARD = gnu11;
				GCC_DYNAMIC_NO_PIC = NO;
				GCC_NO_COMMON_BLOCKS = YES;
				GCC_OPTIMIZATION_LEVEL = 0;
				GCC_PREPROCESSOR_DEFINITIONS = (
					"DEBUG=1",
					"$(inherited)",
				);
				GCC_WARN_64_TO_32_BIT_CONVERSION = YES;
				GCC_WARN_ABOUT_RETURN_TYPE = YES_ERROR;
				GCC_WARN_UNDECLARED_SELECTOR = YES;
				GCC_WARN_UNINITIALIZED_AUTOS = YES_AGGRESSIVE;
				GCC_WARN_UNUSED_FUNCTION = YES;
				GCC_WARN_UNUSED_VARIABLE = YES;
				IPHONEOS_DEPLOYMENT_TARGET = 15.0;
				MTL_ENABLE_DEBUG_INFO = INCLUDE_SOURCE;
				MTL_FAST_MATH = YES;
				ONLY_ACTIVE_ARCH = YES;
				SDKROOT = iphoneos;
				SWIFT_ACTIVE_COMPILATION_CONDITIONS = DEBUG;
				SWIFT_OPTIMIZATION_LEVEL = "-Onone";
			};
			name = Debug;
		};
		92BC80D626D6BD3400AF432C /* Release */ = {
			isa = XCBuildConfiguration;
			buildSettings = {
				ALWAYS_SEARCH_USER_PATHS = NO;
				CLANG_ANALYZER_NONNULL = YES;
				CLANG_ANALYZER_NUMBER_OBJECT_CONVERSION = YES_AGGRESSIVE;
				CLANG_CXX_LANGUAGE_STANDARD = "gnu++17";
				CLANG_CXX_LIBRARY = "libc++";
				CLANG_ENABLE_MODULES = YES;
				CLANG_ENABLE_OBJC_ARC = YES;
				CLANG_ENABLE_OBJC_WEAK = YES;
				CLANG_WARN_BLOCK_CAPTURE_AUTORELEASING = YES;
				CLANG_WARN_BOOL_CONVERSION = YES;
				CLANG_WARN_COMMA = YES;
				CLANG_WARN_CONSTANT_CONVERSION = YES;
				CLANG_WARN_DEPRECATED_OBJC_IMPLEMENTATIONS = YES;
				CLANG_WARN_DIRECT_OBJC_ISA_USAGE = YES_ERROR;
				CLANG_WARN_DOCUMENTATION_COMMENTS = YES;
				CLANG_WARN_EMPTY_BODY = YES;
				CLANG_WARN_ENUM_CONVERSION = YES;
				CLANG_WARN_INFINITE_RECURSION = YES;
				CLANG_WARN_INT_CONVERSION = YES;
				CLANG_WARN_NON_LITERAL_NULL_CONVERSION = YES;
				CLANG_WARN_OBJC_IMPLICIT_RETAIN_SELF = YES;
				CLANG_WARN_OBJC_LITERAL_CONVERSION = YES;
				CLANG_WARN_OBJC_ROOT_CLASS = YES_ERROR;
				CLANG_WARN_QUOTED_INCLUDE_IN_FRAMEWORK_HEADER = YES;
				CLANG_WARN_RANGE_LOOP_ANALYSIS = YES;
				CLANG_WARN_STRICT_PROTOTYPES = YES;
				CLANG_WARN_SUSPICIOUS_MOVE = YES;
				CLANG_WARN_UNGUARDED_AVAILABILITY = YES_AGGRESSIVE;
				CLANG_WARN_UNREACHABLE_CODE = YES;
				CLANG_WARN__DUPLICATE_METHOD_MATCH = YES;
				COPY_PHASE_STRIP = NO;
				DEBUG_INFORMATION_FORMAT = "dwarf-with-dsym";
				ENABLE_NS_ASSERTIONS = NO;
				ENABLE_STRICT_OBJC_MSGSEND = YES;
				GCC_C_LANGUAGE_STANDARD = gnu11;
				GCC_NO_COMMON_BLOCKS = YES;
				GCC_WARN_64_TO_32_BIT_CONVERSION = YES;
				GCC_WARN_ABOUT_RETURN_TYPE = YES_ERROR;
				GCC_WARN_UNDECLARED_SELECTOR = YES;
				GCC_WARN_UNINITIALIZED_AUTOS = YES_AGGRESSIVE;
				GCC_WARN_UNUSED_FUNCTION = YES;
				GCC_WARN_UNUSED_VARIABLE = YES;
				IPHONEOS_DEPLOYMENT_TARGET = 15.0;
				MTL_ENABLE_DEBUG_INFO = NO;
				MTL_FAST_MATH = YES;
				SDKROOT = iphoneos;
				SWIFT_COMPILATION_MODE = wholemodule;
				SWIFT_OPTIMIZATION_LEVEL = "-O";
				VALIDATE_PRODUCT = YES;
			};
			name = Release;
		};
		92BC80D826D6BD3400AF432C /* Debug */ = {
			isa = XCBuildConfiguration;
			buildSettings = {
				ASSETCATALOG_COMPILER_APPICON_NAME = AppIcon;
				ASSETCATALOG_COMPILER_GLOBAL_ACCENT_COLOR_NAME = AccentColor;
				CODE_SIGN_STYLE = Automatic;
				CURRENT_PROJECT_VERSION = 1;
				DEVELOPMENT_ASSET_PATHS = "\"swiftui-mvvm/Preview Content\"";
				DEVELOPMENT_TEAM = 8UF6K7CB33;
				ENABLE_PREVIEWS = YES;
				GENERATE_INFOPLIST_FILE = YES;
				INFOPLIST_KEY_UIApplicationSceneManifest_Generation = YES;
				INFOPLIST_KEY_UIApplicationSupportsIndirectInputEvents = YES;
				INFOPLIST_KEY_UILaunchScreen_Generation = YES;
				INFOPLIST_KEY_UISupportedInterfaceOrientations_iPad = "UIInterfaceOrientationPortrait UIInterfaceOrientationPortraitUpsideDown UIInterfaceOrientationLandscapeLeft UIInterfaceOrientationLandscapeRight";
				INFOPLIST_KEY_UISupportedInterfaceOrientations_iPhone = "UIInterfaceOrientationPortrait UIInterfaceOrientationLandscapeLeft UIInterfaceOrientationLandscapeRight";
				IPHONEOS_DEPLOYMENT_TARGET = 14.0;
				LD_RUNPATH_SEARCH_PATHS = (
					"$(inherited)",
					"@executable_path/Frameworks",
				);
				MARKETING_VERSION = 1.0;
				PRODUCT_BUNDLE_IDENTIFIER = "Anthony-Jose-.swiftui-mvvm";
				PRODUCT_NAME = "$(TARGET_NAME)";
				SWIFT_EMIT_LOC_STRINGS = YES;
				SWIFT_VERSION = 5.0;
				TARGETED_DEVICE_FAMILY = "1,2";
			};
			name = Debug;
		};
		92BC80D926D6BD3400AF432C /* Release */ = {
			isa = XCBuildConfiguration;
			buildSettings = {
				ASSETCATALOG_COMPILER_APPICON_NAME = AppIcon;
				ASSETCATALOG_COMPILER_GLOBAL_ACCENT_COLOR_NAME = AccentColor;
				CODE_SIGN_STYLE = Automatic;
				CURRENT_PROJECT_VERSION = 1;
				DEVELOPMENT_ASSET_PATHS = "\"swiftui-mvvm/Preview Content\"";
				DEVELOPMENT_TEAM = 8UF6K7CB33;
				ENABLE_PREVIEWS = YES;
				GENERATE_INFOPLIST_FILE = YES;
				INFOPLIST_KEY_UIApplicationSceneManifest_Generation = YES;
				INFOPLIST_KEY_UIApplicationSupportsIndirectInputEvents = YES;
				INFOPLIST_KEY_UILaunchScreen_Generation = YES;
				INFOPLIST_KEY_UISupportedInterfaceOrientations_iPad = "UIInterfaceOrientationPortrait UIInterfaceOrientationPortraitUpsideDown UIInterfaceOrientationLandscapeLeft UIInterfaceOrientationLandscapeRight";
				INFOPLIST_KEY_UISupportedInterfaceOrientations_iPhone = "UIInterfaceOrientationPortrait UIInterfaceOrientationLandscapeLeft UIInterfaceOrientationLandscapeRight";
				IPHONEOS_DEPLOYMENT_TARGET = 14.0;
				LD_RUNPATH_SEARCH_PATHS = (
					"$(inherited)",
					"@executable_path/Frameworks",
				);
				MARKETING_VERSION = 1.0;
				PRODUCT_BUNDLE_IDENTIFIER = "Anthony-Jose-.swiftui-mvvm";
				PRODUCT_NAME = "$(TARGET_NAME)";
				SWIFT_EMIT_LOC_STRINGS = YES;
				SWIFT_VERSION = 5.0;
				TARGETED_DEVICE_FAMILY = "1,2";
			};
			name = Release;
		};
		92BC80DB26D6BD3400AF432C /* Debug */ = {
			isa = XCBuildConfiguration;
			buildSettings = {
				ALWAYS_EMBED_SWIFT_STANDARD_LIBRARIES = YES;
				BUNDLE_LOADER = "$(TEST_HOST)";
				CODE_SIGN_STYLE = Automatic;
				CURRENT_PROJECT_VERSION = 1;
				DEVELOPMENT_TEAM = 8UF6K7CB33;
				GENERATE_INFOPLIST_FILE = YES;
				IPHONEOS_DEPLOYMENT_TARGET = 14.0;
				LD_RUNPATH_SEARCH_PATHS = (
					"$(inherited)",
					"@executable_path/Frameworks",
					"@loader_path/Frameworks",
				);
				MARKETING_VERSION = 1.0;
				PRODUCT_BUNDLE_IDENTIFIER = "Anthony-Jose-.swiftui-mvvmTests";
				PRODUCT_NAME = "$(TARGET_NAME)";
				SWIFT_EMIT_LOC_STRINGS = NO;
				SWIFT_VERSION = 5.0;
				TARGETED_DEVICE_FAMILY = "1,2";
				TEST_HOST = "$(BUILT_PRODUCTS_DIR)/swiftui-mvvm.app/swiftui-mvvm";
			};
			name = Debug;
		};
		92BC80DC26D6BD3400AF432C /* Release */ = {
			isa = XCBuildConfiguration;
			buildSettings = {
				ALWAYS_EMBED_SWIFT_STANDARD_LIBRARIES = YES;
				BUNDLE_LOADER = "$(TEST_HOST)";
				CODE_SIGN_STYLE = Automatic;
				CURRENT_PROJECT_VERSION = 1;
				DEVELOPMENT_TEAM = 8UF6K7CB33;
				GENERATE_INFOPLIST_FILE = YES;
				IPHONEOS_DEPLOYMENT_TARGET = 14.0;
				LD_RUNPATH_SEARCH_PATHS = (
					"$(inherited)",
					"@executable_path/Frameworks",
					"@loader_path/Frameworks",
				);
				MARKETING_VERSION = 1.0;
				PRODUCT_BUNDLE_IDENTIFIER = "Anthony-Jose-.swiftui-mvvmTests";
				PRODUCT_NAME = "$(TARGET_NAME)";
				SWIFT_EMIT_LOC_STRINGS = NO;
				SWIFT_VERSION = 5.0;
				TARGETED_DEVICE_FAMILY = "1,2";
				TEST_HOST = "$(BUILT_PRODUCTS_DIR)/swiftui-mvvm.app/swiftui-mvvm";
			};
			name = Release;
		};
		92BC80DE26D6BD3400AF432C /* Debug */ = {
			isa = XCBuildConfiguration;
			buildSettings = {
				ALWAYS_EMBED_SWIFT_STANDARD_LIBRARIES = YES;
				CODE_SIGN_STYLE = Automatic;
				CURRENT_PROJECT_VERSION = 1;
				DEVELOPMENT_TEAM = 8UF6K7CB33;
				GENERATE_INFOPLIST_FILE = YES;
				LD_RUNPATH_SEARCH_PATHS = (
					"$(inherited)",
					"@executable_path/Frameworks",
					"@loader_path/Frameworks",
				);
				MARKETING_VERSION = 1.0;
				PRODUCT_BUNDLE_IDENTIFIER = "Anthony-Jose-.swiftui-mvvmUITests";
				PRODUCT_NAME = "$(TARGET_NAME)";
				SWIFT_EMIT_LOC_STRINGS = NO;
				SWIFT_VERSION = 5.0;
				TARGETED_DEVICE_FAMILY = "1,2";
				TEST_TARGET_NAME = "swiftui-mvvm";
			};
			name = Debug;
		};
		92BC80DF26D6BD3400AF432C /* Release */ = {
			isa = XCBuildConfiguration;
			buildSettings = {
				ALWAYS_EMBED_SWIFT_STANDARD_LIBRARIES = YES;
				CODE_SIGN_STYLE = Automatic;
				CURRENT_PROJECT_VERSION = 1;
				DEVELOPMENT_TEAM = 8UF6K7CB33;
				GENERATE_INFOPLIST_FILE = YES;
				LD_RUNPATH_SEARCH_PATHS = (
					"$(inherited)",
					"@executable_path/Frameworks",
					"@loader_path/Frameworks",
				);
				MARKETING_VERSION = 1.0;
				PRODUCT_BUNDLE_IDENTIFIER = "Anthony-Jose-.swiftui-mvvmUITests";
				PRODUCT_NAME = "$(TARGET_NAME)";
				SWIFT_EMIT_LOC_STRINGS = NO;
				SWIFT_VERSION = 5.0;
				TARGETED_DEVICE_FAMILY = "1,2";
				TEST_TARGET_NAME = "swiftui-mvvm";
			};
			name = Release;
		};
/* End XCBuildConfiguration section */

/* Begin XCConfigurationList section */
		92BC80AE26D6BD2E00AF432C /* Build configuration list for PBXProject "swiftui-mvvm" */ = {
			isa = XCConfigurationList;
			buildConfigurations = (
				92BC80D526D6BD3400AF432C /* Debug */,
				92BC80D626D6BD3400AF432C /* Release */,
			);
			defaultConfigurationIsVisible = 0;
			defaultConfigurationName = Release;
		};
		92BC80D726D6BD3400AF432C /* Build configuration list for PBXNativeTarget "swiftui-mvvm" */ = {
			isa = XCConfigurationList;
			buildConfigurations = (
				92BC80D826D6BD3400AF432C /* Debug */,
				92BC80D926D6BD3400AF432C /* Release */,
			);
			defaultConfigurationIsVisible = 0;
			defaultConfigurationName = Release;
		};
		92BC80DA26D6BD3400AF432C /* Build configuration list for PBXNativeTarget "swiftui-mvvmTests" */ = {
			isa = XCConfigurationList;
			buildConfigurations = (
				92BC80DB26D6BD3400AF432C /* Debug */,
				92BC80DC26D6BD3400AF432C /* Release */,
			);
			defaultConfigurationIsVisible = 0;
			defaultConfigurationName = Release;
		};
		92BC80DD26D6BD3400AF432C /* Build configuration list for PBXNativeTarget "swiftui-mvvmUITests" */ = {
			isa = XCConfigurationList;
			buildConfigurations = (
				92BC80DE26D6BD3400AF432C /* Debug */,
				92BC80DF26D6BD3400AF432C /* Release */,
			);
			defaultConfigurationIsVisible = 0;
			defaultConfigurationName = Release;
		};
/* End XCConfigurationList section */
	};
	rootObject = 92BC80AB26D6BD2E00AF432C /* Project object */;
}
